
Microsoft Visual Studio Solution File, Format Version 12.00
# Visual Studio Version 17
VisualStudioVersion = 17.7.34024.191
MinimumVisualStudioVersion = 10.0.40219.1
Project("{8BC9CEB8-8B4A-11D0-8D11-00A0C91BC942}") = "ConsoleApplication1", "ConsoleApplication1\ConsoleApplication1.vcxproj", "{2958E053-4146-41DD-94EE-D47F13649B19}"
EndProject
Project("{2150E333-8FDC-42A3-9474-1A3956D46DE8}") = "01. Podstawy", "01. Podstawy", "{ECAD6C6A-79BC-432F-A351-273E7FD7CF69}"
EndProject
Project("{2150E333-8FDC-42A3-9474-1A3956D46DE8}") = "02. Instrukcje Decyzyjne", "02. Instrukcje Decyzyjne", "{F49F60F7-C622-4AA1-A7F5-5D85906B28D9}"
EndProject
Project("{8BC9CEB8-8B4A-11D0-8D11-00A0C91BC942}") = "ConsoleApplication2", "ConsoleApplication2\ConsoleApplication2.vcxproj", "{D0AA1FEB-AF93-482C-8F37-F5E4353805E8}"
EndProject
Project("{2150E333-8FDC-42A3-9474-1A3956D46DE8}") = "Tic Tac Toe", "Tic Tac Toe", "{265231D2-F39D-4CB2-93CF-08D33555EF92}"
EndProject
Project("{8BC9CEB8-8B4A-11D0-8D11-00A0C91BC942}") = "Tic Tac Toe", "Tic Tac Toe\Tic Tac Toe.vcxproj", "{8D14DBD2-F132-43A8-88AB-C05BD93EF698}"
EndProject
Project("{2150E333-8FDC-42A3-9474-1A3956D46DE8}") = "03. Pętle", "03. Pętle", "{7EDCEBE4-CE0B-4E02-8E26-62D51134D8B8}"
EndProject
Project("{8BC9CEB8-8B4A-11D0-8D11-00A0C91BC942}") = "ConsoleApplication3", "ConsoleApplication3\ConsoleApplication3.vcxproj", "{84349F5A-C3F3-41D0-BE8F-922C46AC2ACA}"
EndProject
Project("{2150E333-8FDC-42A3-9474-1A3956D46DE8}") = "04. Kolekcje", "04. Kolekcje", "{7276294E-61B2-4651-AE76-E80A65EB875F}"
EndProject
Project("{8BC9CEB8-8B4A-11D0-8D11-00A0C91BC942}") = "ConsoleApplication4", "ConsoleApplication4\ConsoleApplication4.vcxproj", "{285FCDA0-31CC-49C2-BEA4-0978068D6EA7}"
EndProject
Project("{8BC9CEB8-8B4A-11D0-8D11-00A0C91BC942}") = "ConsoleApplication5", "ConsoleApplication5\ConsoleApplication5.vcxproj", "{9CEF67A1-7DED-4F8B-8DEF-446C1E4D2B51}"
EndProject
Project("{2150E333-8FDC-42A3-9474-1A3956D46DE8}") = "05. Struktury", "05. Struktury", "{C74650E5-B5D6-4432-970A-FD089EAD2403}"
EndProject
Project("{8BC9CEB8-8B4A-11D0-8D11-00A0C91BC942}") = "StructConsoleApp", "StructConsoleApp\StructConsoleApp.vcxproj", "{59935898-1476-4EB6-AE82-376817832D5A}"
EndProject
Project("{2150E333-8FDC-42A3-9474-1A3956D46DE8}") = "Programowanie Strukturalne", "Programowanie Strukturalne", "{FC45C692-BF49-49FC-8F8E-3E48D4087EE5}"
EndProject
Project("{2150E333-8FDC-42A3-9474-1A3956D46DE8}") = "Programowanie Obiektowe", "Programowanie Obiektowe", "{D8B5B201-C22A-4CE6-823F-DAAA8ECADA3E}"
EndProject
Project("{2150E333-8FDC-42A3-9474-1A3956D46DE8}") = "01. Podstawy", "01. Podstawy", "{72A4D637-7F53-4AD7-BD7F-345A00088224}"
EndProject
Project("{8BC9CEB8-8B4A-11D0-8D11-00A0C91BC942}") = "FirstObdżekt", "FirstObdżekt\FirstObdżekt.vcxproj", "{3E3BE3A9-3A47-452C-BF39-11AD2EFC4747}"
EndProject
Global
	GlobalSection(SolutionConfigurationPlatforms) = preSolution
		Debug|x64 = Debug|x64
		Debug|x86 = Debug|x86
		Release|x64 = Release|x64
		Release|x86 = Release|x86
	EndGlobalSection
	GlobalSection(ProjectConfigurationPlatforms) = postSolution
		{2958E053-4146-41DD-94EE-D47F13649B19}.Debug|x64.ActiveCfg = Debug|x64
		{2958E053-4146-41DD-94EE-D47F13649B19}.Debug|x64.Build.0 = Debug|x64
		{2958E053-4146-41DD-94EE-D47F13649B19}.Debug|x86.ActiveCfg = Debug|Win32
		{2958E053-4146-41DD-94EE-D47F13649B19}.Debug|x86.Build.0 = Debug|Win32
		{2958E053-4146-41DD-94EE-D47F13649B19}.Release|x64.ActiveCfg = Release|x64
		{2958E053-4146-41DD-94EE-D47F13649B19}.Release|x64.Build.0 = Release|x64
		{2958E053-4146-41DD-94EE-D47F13649B19}.Release|x86.ActiveCfg = Release|Win32
		{2958E053-4146-41DD-94EE-D47F13649B19}.Release|x86.Build.0 = Release|Win32
		{D0AA1FEB-AF93-482C-8F37-F5E4353805E8}.Debug|x64.ActiveCfg = Debug|x64
		{D0AA1FEB-AF93-482C-8F37-F5E4353805E8}.Debug|x64.Build.0 = Debug|x64
		{D0AA1FEB-AF93-482C-8F37-F5E4353805E8}.Debug|x86.ActiveCfg = Debug|Win32
		{D0AA1FEB-AF93-482C-8F37-F5E4353805E8}.Debug|x86.Build.0 = Debug|Win32
		{D0AA1FEB-AF93-482C-8F37-F5E4353805E8}.Release|x64.ActiveCfg = Release|x64
		{D0AA1FEB-AF93-482C-8F37-F5E4353805E8}.Release|x64.Build.0 = Release|x64
		{D0AA1FEB-AF93-482C-8F37-F5E4353805E8}.Release|x86.ActiveCfg = Release|Win32
		{D0AA1FEB-AF93-482C-8F37-F5E4353805E8}.Release|x86.Build.0 = Release|Win32
		{8D14DBD2-F132-43A8-88AB-C05BD93EF698}.Debug|x64.ActiveCfg = Debug|x64
		{8D14DBD2-F132-43A8-88AB-C05BD93EF698}.Debug|x64.Build.0 = Debug|x64
		{8D14DBD2-F132-43A8-88AB-C05BD93EF698}.Debug|x86.ActiveCfg = Debug|Win32
		{8D14DBD2-F132-43A8-88AB-C05BD93EF698}.Debug|x86.Build.0 = Debug|Win32
		{8D14DBD2-F132-43A8-88AB-C05BD93EF698}.Release|x64.ActiveCfg = Release|x64
		{8D14DBD2-F132-43A8-88AB-C05BD93EF698}.Release|x64.Build.0 = Release|x64
		{8D14DBD2-F132-43A8-88AB-C05BD93EF698}.Release|x86.ActiveCfg = Release|Win32
		{8D14DBD2-F132-43A8-88AB-C05BD93EF698}.Release|x86.Build.0 = Release|Win32
		{84349F5A-C3F3-41D0-BE8F-922C46AC2ACA}.Debug|x64.ActiveCfg = Debug|x64
		{84349F5A-C3F3-41D0-BE8F-922C46AC2ACA}.Debug|x64.Build.0 = Debug|x64
		{84349F5A-C3F3-41D0-BE8F-922C46AC2ACA}.Debug|x86.ActiveCfg = Debug|Win32
		{84349F5A-C3F3-41D0-BE8F-922C46AC2ACA}.Debug|x86.Build.0 = Debug|Win32
		{84349F5A-C3F3-41D0-BE8F-922C46AC2ACA}.Release|x64.ActiveCfg = Release|x64
		{84349F5A-C3F3-41D0-BE8F-922C46AC2ACA}.Release|x64.Build.0 = Release|x64
		{84349F5A-C3F3-41D0-BE8F-922C46AC2ACA}.Release|x86.ActiveCfg = Release|Win32
		{84349F5A-C3F3-41D0-BE8F-922C46AC2ACA}.Release|x86.Build.0 = Release|Win32
		{285FCDA0-31CC-49C2-BEA4-0978068D6EA7}.Debug|x64.ActiveCfg = Debug|x64
		{285FCDA0-31CC-49C2-BEA4-0978068D6EA7}.Debug|x64.Build.0 = Debug|x64
		{285FCDA0-31CC-49C2-BEA4-0978068D6EA7}.Debug|x86.ActiveCfg = Debug|Win32
		{285FCDA0-31CC-49C2-BEA4-0978068D6EA7}.Debug|x86.Build.0 = Debug|Win32
		{285FCDA0-31CC-49C2-BEA4-0978068D6EA7}.Release|x64.ActiveCfg = Release|x64
		{285FCDA0-31CC-49C2-BEA4-0978068D6EA7}.Release|x64.Build.0 = Release|x64
		{285FCDA0-31CC-49C2-BEA4-0978068D6EA7}.Release|x86.ActiveCfg = Release|Win32
		{285FCDA0-31CC-49C2-BEA4-0978068D6EA7}.Release|x86.Build.0 = Release|Win32
		{9CEF67A1-7DED-4F8B-8DEF-446C1E4D2B51}.Debug|x64.ActiveCfg = Debug|x64
		{9CEF67A1-7DED-4F8B-8DEF-446C1E4D2B51}.Debug|x64.Build.0 = Debug|x64
		{9CEF67A1-7DED-4F8B-8DEF-446C1E4D2B51}.Debug|x86.ActiveCfg = Debug|Win32
		{9CEF67A1-7DED-4F8B-8DEF-446C1E4D2B51}.Debug|x86.Build.0 = Debug|Win32
		{9CEF67A1-7DED-4F8B-8DEF-446C1E4D2B51}.Release|x64.ActiveCfg = Release|x64
		{9CEF67A1-7DED-4F8B-8DEF-446C1E4D2B51}.Release|x64.Build.0 = Release|x64
		{9CEF67A1-7DED-4F8B-8DEF-446C1E4D2B51}.Release|x86.ActiveCfg = Release|Win32
		{9CEF67A1-7DED-4F8B-8DEF-446C1E4D2B51}.Release|x86.Build.0 = Release|Win32
		{59935898-1476-4EB6-AE82-376817832D5A}.Debug|x64.ActiveCfg = Debug|x64
		{59935898-1476-4EB6-AE82-376817832D5A}.Debug|x64.Build.0 = Debug|x64
		{59935898-1476-4EB6-AE82-376817832D5A}.Debug|x86.ActiveCfg = Debug|Win32
		{59935898-1476-4EB6-AE82-376817832D5A}.Debug|x86.Build.0 = Debug|Win32
		{59935898-1476-4EB6-AE82-376817832D5A}.Release|x64.ActiveCfg = Release|x64
		{59935898-1476-4EB6-AE82-376817832D5A}.Release|x64.Build.0 = Release|x64
		{59935898-1476-4EB6-AE82-376817832D5A}.Release|x86.ActiveCfg = Release|Win32
		{59935898-1476-4EB6-AE82-376817832D5A}.Release|x86.Build.0 = Release|Win32
		{3E3BE3A9-3A47-452C-BF39-11AD2EFC4747}.Debug|x64.ActiveCfg = Debug|x64
		{3E3BE3A9-3A47-452C-BF39-11AD2EFC4747}.Debug|x64.Build.0 = Debug|x64
		{3E3BE3A9-3A47-452C-BF39-11AD2EFC4747}.Debug|x86.ActiveCfg = Debug|Win32
		{3E3BE3A9-3A47-452C-BF39-11AD2EFC4747}.Debug|x86.Build.0 = Debug|Win32
		{3E3BE3A9-3A47-452C-BF39-11AD2EFC4747}.Release|x64.ActiveCfg = Release|x64
		{3E3BE3A9-3A47-452C-BF39-11AD2EFC4747}.Release|x64.Build.0 = Release|x64
		{3E3BE3A9-3A47-452C-BF39-11AD2EFC4747}.Release|x86.ActiveCfg = Release|Win32
		{3E3BE3A9-3A47-452C-BF39-11AD2EFC4747}.Release|x86.Build.0 = Release|Win32
	EndGlobalSection
	GlobalSection(SolutionProperties) = preSolution
		HideSolutionNode = FALSE
	EndGlobalSection
	GlobalSection(NestedProjects) = preSolution
		{2958E053-4146-41DD-94EE-D47F13649B19} = {ECAD6C6A-79BC-432F-A351-273E7FD7CF69}
		{ECAD6C6A-79BC-432F-A351-273E7FD7CF69} = {FC45C692-BF49-49FC-8F8E-3E48D4087EE5}
		{F49F60F7-C622-4AA1-A7F5-5D85906B28D9} = {FC45C692-BF49-49FC-8F8E-3E48D4087EE5}
		{D0AA1FEB-AF93-482C-8F37-F5E4353805E8} = {F49F60F7-C622-4AA1-A7F5-5D85906B28D9}
		{8D14DBD2-F132-43A8-88AB-C05BD93EF698} = {265231D2-F39D-4CB2-93CF-08D33555EF92}
		{7EDCEBE4-CE0B-4E02-8E26-62D51134D8B8} = {FC45C692-BF49-49FC-8F8E-3E48D4087EE5}
		{84349F5A-C3F3-41D0-BE8F-922C46AC2ACA} = {7EDCEBE4-CE0B-4E02-8E26-62D51134D8B8}
		{7276294E-61B2-4651-AE76-E80A65EB875F} = {FC45C692-BF49-49FC-8F8E-3E48D4087EE5}
		{285FCDA0-31CC-49C2-BEA4-0978068D6EA7} = {7276294E-61B2-4651-AE76-E80A65EB875F}
		{9CEF67A1-7DED-4F8B-8DEF-446C1E4D2B51} = {7276294E-61B2-4651-AE76-E80A65EB875F}
		{C74650E5-B5D6-4432-970A-FD089EAD2403} = {FC45C692-BF49-49FC-8F8E-3E48D4087EE5}
		{59935898-1476-4EB6-AE82-376817832D5A} = {C74650E5-B5D6-4432-970A-FD089EAD2403}
		{72A4D637-7F53-4AD7-BD7F-345A00088224} = {D8B5B201-C22A-4CE6-823F-DAAA8ECADA3E}
		{3E3BE3A9-3A47-452C-BF39-11AD2EFC4747} = {72A4D637-7F53-4AD7-BD7F-345A00088224}
	EndGlobalSection
	GlobalSection(ExtensibilityGlobals) = postSolution
		SolutionGuid = {049CE54E-E25A-4E2F-91E6-848838ECF4A9}
	EndGlobalSection
EndGlobal
