
Microsoft Visual Studio Solution File, Format Version 12.00
# Visual Studio Version 17
VisualStudioVersion = 17.7.34024.191
MinimumVisualStudioVersion = 10.0.40219.1
Project("{8BC9CEB8-8B4A-11D0-8D11-00A0C91BC942}") = "ConsoleApplication1", "ConsoleApplication1\ConsoleApplication1.vcxproj", "{2958E053-4146-41DD-94EE-D47F13649B19}"
EndProject
Project("{2150E333-8FDC-42A3-9474-1A3956D46DE8}") = "01. Podstawy", "01. Podstawy", "{ECAD6C6A-79BC-432F-A351-273E7FD7CF69}"
EndProject
Project("{2150E333-8FDC-42A3-9474-1A3956D46DE8}") = "02. Instrukcje Decyzyjne", "02. Instrukcje Decyzyjne", "{F49F60F7-C622-4AA1-A7F5-5D85906B28D9}"
EndProject
Project("{8BC9CEB8-8B4A-11D0-8D11-00A0C91BC942}") = "ConsoleApplication2", "ConsoleApplication2\ConsoleApplication2.vcxproj", "{D0AA1FEB-AF93-482C-8F37-F5E4353805E8}"
EndProject
Project("{2150E333-8FDC-42A3-9474-1A3956D46DE8}") = "Tic Tac Toe", "Tic Tac Toe", "{265231D2-F39D-4CB2-93CF-08D33555EF92}"
EndProject
Project("{8BC9CEB8-8B4A-11D0-8D11-00A0C91BC942}") = "Tic Tac Toe", "Tic Tac Toe\Tic Tac Toe.vcxproj", "{8D14DBD2-F132-43A8-88AB-C05BD93EF698}"
EndProject
Project("{2150E333-8FDC-42A3-9474-1A3956D46DE8}") = "03. Pętle", "03. Pętle", "{7EDCEBE4-CE0B-4E02-8E26-62D51134D8B8}"
EndProject
Project("{8BC9CEB8-8B4A-11D0-8D11-00A0C91BC942}") = "ConsoleApplication3", "ConsoleApplication3\ConsoleApplication3.vcxproj", "{84349F5A-C3F3-41D0-BE8F-922C46AC2ACA}"
EndProject
Project("{2150E333-8FDC-42A3-9474-1A3956D46DE8}") = "04. Kolekcje", "04. Kolekcje", "{7276294E-61B2-4651-AE76-E80A65EB875F}"
EndProject
Project("{8BC9CEB8-8B4A-11D0-8D11-00A0C91BC942}") = "ConsoleApplication4", "ConsoleApplication4\ConsoleApplication4.vcxproj", "{285FCDA0-31CC-49C2-BEA4-0978068D6EA7}"
EndProject
Project("{8BC9CEB8-8B4A-11D0-8D11-00A0C91BC942}") = "ConsoleApplication5", "ConsoleApplication5\ConsoleApplication5.vcxproj", "{9CEF67A1-7DED-4F8B-8DEF-446C1E4D2B51}"
EndProject
Project("{2150E333-8FDC-42A3-9474-1A3956D46DE8}") = "05. Struktury", "05. Struktury", "{C74650E5-B5D6-4432-970A-FD089EAD2403}"
EndProject
Project("{8BC9CEB8-8B4A-11D0-8D11-00A0C91BC942}") = "StructConsoleApp", "StructConsoleApp\StructConsoleApp.vcxproj", "{59935898-1476-4EB6-AE82-376817832D5A}"
EndProject
Project("{2150E333-8FDC-42A3-9474-1A3956D46DE8}") = "Programowanie Strukturalne", "Programowanie Strukturalne", "{FC45C692-BF49-49FC-8F8E-3E48D4087EE5}"
EndProject
Project("{2150E333-8FDC-42A3-9474-1A3956D46DE8}") = "Programowanie Obiektowe", "Programowanie Obiektowe", "{D8B5B201-C22A-4CE6-823F-DAAA8ECADA3E}"
EndProject
Project("{2150E333-8FDC-42A3-9474-1A3956D46DE8}") = "01. Podstawy", "01. Podstawy", "{72A4D637-7F53-4AD7-BD7F-345A00088224}"
EndProject
Project("{8BC9CEB8-8B4A-11D0-8D11-00A0C91BC942}") = "FirstObdżekt", "FirstObdżekt\FirstObdżekt.vcxproj", "{3E3BE3A9-3A47-452C-BF39-11AD2EFC4747}"
EndProject
Project("{2150E333-8FDC-42A3-9474-1A3956D46DE8}") = "02. Dziedziczenie", "02. Dziedziczenie", "{93093951-31E8-4CEB-802F-BE987666C385}"
EndProject
Project("{8BC9CEB8-8B4A-11D0-8D11-00A0C91BC942}") = "ConsoleApplication6", "ConsoleApplication6\ConsoleApplication6.vcxproj", "{5D069123-1FF0-4C8B-80EE-A2652B40C4AF}"
EndProject
Project("{8BC9CEB8-8B4A-11D0-8D11-00A0C91BC942}") = "ConsoleApplication7", "ConsoleApplication7\ConsoleApplication7.vcxproj", "{7CB4D5D3-D4C9-49B3-8598-732AFB860F34}"
EndProject
Project("{2150E333-8FDC-42A3-9474-1A3956D46DE8}") = "03. Zadania", "03. Zadania", "{8298CDAE-174A-43AF-8C45-C88067C97650}"
EndProject
Project("{8BC9CEB8-8B4A-11D0-8D11-00A0C91BC942}") = "ConsoleApplication8", "ConsoleApplication8\ConsoleApplication8.vcxproj", "{B016D737-BF20-4CB0-928F-D4FBE6D44C1F}"
EndProject
Project("{2150E333-8FDC-42A3-9474-1A3956D46DE8}") = "XD", "XD", "{5E62A174-E7BA-4EC0-8951-D4FA9FDD8225}"
EndProject
Project("{9A19103F-16F7-4668-BE54-9A1E7A4F7556}") = "XD", "XD\XD.csproj", "{E1121012-FC2C-4C3F-A534-9247A5B04E71}"
EndProject
Project("{2150E333-8FDC-42A3-9474-1A3956D46DE8}") = "C#", "C#", "{7A04A083-C9A6-4E9F-B6CC-188A03B82242}"
EndProject
Project("{2150E333-8FDC-42A3-9474-1A3956D46DE8}") = "C++", "C++", "{6E1CA134-1ED6-4714-B4F2-2C3AED531BC8}"
EndProject
Project("{2150E333-8FDC-42A3-9474-1A3956D46DE8}") = "01. Podstawy", "01. Podstawy", "{A1178D5B-0ED4-4E3B-A380-DD0C11212510}"
EndProject
Project("{9A19103F-16F7-4668-BE54-9A1E7A4F7556}") = "ConsoleApp", "ConsoleApp\ConsoleApp.csproj", "{623CFB40-69D0-42EF-ADBF-18ABE837B061}"
EndProject
Project("{9A19103F-16F7-4668-BE54-9A1E7A4F7556}") = "StructApp", "ConsoleApp1\StructApp.csproj", "{B0F578D3-32CC-46FA-ABBB-67F32317AA82}"
EndProject
Project("{9A19103F-16F7-4668-BE54-9A1E7A4F7556}") = "CollectionConsoleApp", "CollectionConsoleApp\CollectionConsoleApp.csproj", "{A9F9274C-DA70-41F6-94EF-E41E96D9C391}"
EndProject
Project("{FAE04EC0-301F-11D3-BF4B-00C04F79EFBC}") = "LinqConsoleApp", "LinkConsoleApp\LinqConsoleApp.csproj", "{AE17E9DB-FFC9-46B9-A51B-CF1F14CAD901}"
EndProject
Global
	GlobalSection(SolutionConfigurationPlatforms) = preSolution
		Debug|Any CPU = Debug|Any CPU
		Debug|x64 = Debug|x64
		Debug|x86 = Debug|x86
		Release|Any CPU = Release|Any CPU
		Release|x64 = Release|x64
		Release|x86 = Release|x86
	EndGlobalSection
	GlobalSection(ProjectConfigurationPlatforms) = postSolution
		{2958E053-4146-41DD-94EE-D47F13649B19}.Debug|Any CPU.ActiveCfg = Debug|x64
		{2958E053-4146-41DD-94EE-D47F13649B19}.Debug|Any CPU.Build.0 = Debug|x64
		{2958E053-4146-41DD-94EE-D47F13649B19}.Debug|x64.ActiveCfg = Debug|x64
		{2958E053-4146-41DD-94EE-D47F13649B19}.Debug|x64.Build.0 = Debug|x64
		{2958E053-4146-41DD-94EE-D47F13649B19}.Debug|x86.ActiveCfg = Debug|Win32
		{2958E053-4146-41DD-94EE-D47F13649B19}.Debug|x86.Build.0 = Debug|Win32
		{2958E053-4146-41DD-94EE-D47F13649B19}.Release|Any CPU.ActiveCfg = Release|x64
		{2958E053-4146-41DD-94EE-D47F13649B19}.Release|Any CPU.Build.0 = Release|x64
		{2958E053-4146-41DD-94EE-D47F13649B19}.Release|x64.ActiveCfg = Release|x64
		{2958E053-4146-41DD-94EE-D47F13649B19}.Release|x64.Build.0 = Release|x64
		{2958E053-4146-41DD-94EE-D47F13649B19}.Release|x86.ActiveCfg = Release|Win32
		{2958E053-4146-41DD-94EE-D47F13649B19}.Release|x86.Build.0 = Release|Win32
		{D0AA1FEB-AF93-482C-8F37-F5E4353805E8}.Debug|Any CPU.ActiveCfg = Debug|x64
		{D0AA1FEB-AF93-482C-8F37-F5E4353805E8}.Debug|Any CPU.Build.0 = Debug|x64
		{D0AA1FEB-AF93-482C-8F37-F5E4353805E8}.Debug|x64.ActiveCfg = Debug|x64
		{D0AA1FEB-AF93-482C-8F37-F5E4353805E8}.Debug|x64.Build.0 = Debug|x64
		{D0AA1FEB-AF93-482C-8F37-F5E4353805E8}.Debug|x86.ActiveCfg = Debug|Win32
		{D0AA1FEB-AF93-482C-8F37-F5E4353805E8}.Debug|x86.Build.0 = Debug|Win32
		{D0AA1FEB-AF93-482C-8F37-F5E4353805E8}.Release|Any CPU.ActiveCfg = Release|x64
		{D0AA1FEB-AF93-482C-8F37-F5E4353805E8}.Release|Any CPU.Build.0 = Release|x64
		{D0AA1FEB-AF93-482C-8F37-F5E4353805E8}.Release|x64.ActiveCfg = Release|x64
		{D0AA1FEB-AF93-482C-8F37-F5E4353805E8}.Release|x64.Build.0 = Release|x64
		{D0AA1FEB-AF93-482C-8F37-F5E4353805E8}.Release|x86.ActiveCfg = Release|Win32
		{D0AA1FEB-AF93-482C-8F37-F5E4353805E8}.Release|x86.Build.0 = Release|Win32
		{8D14DBD2-F132-43A8-88AB-C05BD93EF698}.Debug|Any CPU.ActiveCfg = Debug|x64
		{8D14DBD2-F132-43A8-88AB-C05BD93EF698}.Debug|Any CPU.Build.0 = Debug|x64
		{8D14DBD2-F132-43A8-88AB-C05BD93EF698}.Debug|x64.ActiveCfg = Debug|x64
		{8D14DBD2-F132-43A8-88AB-C05BD93EF698}.Debug|x64.Build.0 = Debug|x64
		{8D14DBD2-F132-43A8-88AB-C05BD93EF698}.Debug|x86.ActiveCfg = Debug|Win32
		{8D14DBD2-F132-43A8-88AB-C05BD93EF698}.Debug|x86.Build.0 = Debug|Win32
		{8D14DBD2-F132-43A8-88AB-C05BD93EF698}.Release|Any CPU.ActiveCfg = Release|x64
		{8D14DBD2-F132-43A8-88AB-C05BD93EF698}.Release|Any CPU.Build.0 = Release|x64
		{8D14DBD2-F132-43A8-88AB-C05BD93EF698}.Release|x64.ActiveCfg = Release|x64
		{8D14DBD2-F132-43A8-88AB-C05BD93EF698}.Release|x64.Build.0 = Release|x64
		{8D14DBD2-F132-43A8-88AB-C05BD93EF698}.Release|x86.ActiveCfg = Release|Win32
		{8D14DBD2-F132-43A8-88AB-C05BD93EF698}.Release|x86.Build.0 = Release|Win32
		{84349F5A-C3F3-41D0-BE8F-922C46AC2ACA}.Debug|Any CPU.ActiveCfg = Debug|x64
		{84349F5A-C3F3-41D0-BE8F-922C46AC2ACA}.Debug|Any CPU.Build.0 = Debug|x64
		{84349F5A-C3F3-41D0-BE8F-922C46AC2ACA}.Debug|x64.ActiveCfg = Debug|x64
		{84349F5A-C3F3-41D0-BE8F-922C46AC2ACA}.Debug|x64.Build.0 = Debug|x64
		{84349F5A-C3F3-41D0-BE8F-922C46AC2ACA}.Debug|x86.ActiveCfg = Debug|Win32
		{84349F5A-C3F3-41D0-BE8F-922C46AC2ACA}.Debug|x86.Build.0 = Debug|Win32
		{84349F5A-C3F3-41D0-BE8F-922C46AC2ACA}.Release|Any CPU.ActiveCfg = Release|x64
		{84349F5A-C3F3-41D0-BE8F-922C46AC2ACA}.Release|Any CPU.Build.0 = Release|x64
		{84349F5A-C3F3-41D0-BE8F-922C46AC2ACA}.Release|x64.ActiveCfg = Release|x64
		{84349F5A-C3F3-41D0-BE8F-922C46AC2ACA}.Release|x64.Build.0 = Release|x64
		{84349F5A-C3F3-41D0-BE8F-922C46AC2ACA}.Release|x86.ActiveCfg = Release|Win32
		{84349F5A-C3F3-41D0-BE8F-922C46AC2ACA}.Release|x86.Build.0 = Release|Win32
		{285FCDA0-31CC-49C2-BEA4-0978068D6EA7}.Debug|Any CPU.ActiveCfg = Debug|x64
		{285FCDA0-31CC-49C2-BEA4-0978068D6EA7}.Debug|Any CPU.Build.0 = Debug|x64
		{285FCDA0-31CC-49C2-BEA4-0978068D6EA7}.Debug|x64.ActiveCfg = Debug|x64
		{285FCDA0-31CC-49C2-BEA4-0978068D6EA7}.Debug|x64.Build.0 = Debug|x64
		{285FCDA0-31CC-49C2-BEA4-0978068D6EA7}.Debug|x86.ActiveCfg = Debug|Win32
		{285FCDA0-31CC-49C2-BEA4-0978068D6EA7}.Debug|x86.Build.0 = Debug|Win32
		{285FCDA0-31CC-49C2-BEA4-0978068D6EA7}.Release|Any CPU.ActiveCfg = Release|x64
		{285FCDA0-31CC-49C2-BEA4-0978068D6EA7}.Release|Any CPU.Build.0 = Release|x64
		{285FCDA0-31CC-49C2-BEA4-0978068D6EA7}.Release|x64.ActiveCfg = Release|x64
		{285FCDA0-31CC-49C2-BEA4-0978068D6EA7}.Release|x64.Build.0 = Release|x64
		{285FCDA0-31CC-49C2-BEA4-0978068D6EA7}.Release|x86.ActiveCfg = Release|Win32
		{285FCDA0-31CC-49C2-BEA4-0978068D6EA7}.Release|x86.Build.0 = Release|Win32
		{9CEF67A1-7DED-4F8B-8DEF-446C1E4D2B51}.Debug|Any CPU.ActiveCfg = Debug|x64
		{9CEF67A1-7DED-4F8B-8DEF-446C1E4D2B51}.Debug|Any CPU.Build.0 = Debug|x64
		{9CEF67A1-7DED-4F8B-8DEF-446C1E4D2B51}.Debug|x64.ActiveCfg = Debug|x64
		{9CEF67A1-7DED-4F8B-8DEF-446C1E4D2B51}.Debug|x64.Build.0 = Debug|x64
		{9CEF67A1-7DED-4F8B-8DEF-446C1E4D2B51}.Debug|x86.ActiveCfg = Debug|Win32
		{9CEF67A1-7DED-4F8B-8DEF-446C1E4D2B51}.Debug|x86.Build.0 = Debug|Win32
		{9CEF67A1-7DED-4F8B-8DEF-446C1E4D2B51}.Release|Any CPU.ActiveCfg = Release|x64
		{9CEF67A1-7DED-4F8B-8DEF-446C1E4D2B51}.Release|Any CPU.Build.0 = Release|x64
		{9CEF67A1-7DED-4F8B-8DEF-446C1E4D2B51}.Release|x64.ActiveCfg = Release|x64
		{9CEF67A1-7DED-4F8B-8DEF-446C1E4D2B51}.Release|x64.Build.0 = Release|x64
		{9CEF67A1-7DED-4F8B-8DEF-446C1E4D2B51}.Release|x86.ActiveCfg = Release|Win32
		{9CEF67A1-7DED-4F8B-8DEF-446C1E4D2B51}.Release|x86.Build.0 = Release|Win32
		{59935898-1476-4EB6-AE82-376817832D5A}.Debug|Any CPU.ActiveCfg = Debug|x64
		{59935898-1476-4EB6-AE82-376817832D5A}.Debug|Any CPU.Build.0 = Debug|x64
		{59935898-1476-4EB6-AE82-376817832D5A}.Debug|x64.ActiveCfg = Debug|x64
		{59935898-1476-4EB6-AE82-376817832D5A}.Debug|x64.Build.0 = Debug|x64
		{59935898-1476-4EB6-AE82-376817832D5A}.Debug|x86.ActiveCfg = Debug|Win32
		{59935898-1476-4EB6-AE82-376817832D5A}.Debug|x86.Build.0 = Debug|Win32
		{59935898-1476-4EB6-AE82-376817832D5A}.Release|Any CPU.ActiveCfg = Release|x64
		{59935898-1476-4EB6-AE82-376817832D5A}.Release|Any CPU.Build.0 = Release|x64
		{59935898-1476-4EB6-AE82-376817832D5A}.Release|x64.ActiveCfg = Release|x64
		{59935898-1476-4EB6-AE82-376817832D5A}.Release|x64.Build.0 = Release|x64
		{59935898-1476-4EB6-AE82-376817832D5A}.Release|x86.ActiveCfg = Release|Win32
		{59935898-1476-4EB6-AE82-376817832D5A}.Release|x86.Build.0 = Release|Win32
		{3E3BE3A9-3A47-452C-BF39-11AD2EFC4747}.Debug|Any CPU.ActiveCfg = Debug|x64
		{3E3BE3A9-3A47-452C-BF39-11AD2EFC4747}.Debug|Any CPU.Build.0 = Debug|x64
		{3E3BE3A9-3A47-452C-BF39-11AD2EFC4747}.Debug|x64.ActiveCfg = Debug|x64
		{3E3BE3A9-3A47-452C-BF39-11AD2EFC4747}.Debug|x64.Build.0 = Debug|x64
		{3E3BE3A9-3A47-452C-BF39-11AD2EFC4747}.Debug|x86.ActiveCfg = Debug|Win32
		{3E3BE3A9-3A47-452C-BF39-11AD2EFC4747}.Debug|x86.Build.0 = Debug|Win32
		{3E3BE3A9-3A47-452C-BF39-11AD2EFC4747}.Release|Any CPU.ActiveCfg = Release|x64
		{3E3BE3A9-3A47-452C-BF39-11AD2EFC4747}.Release|Any CPU.Build.0 = Release|x64
		{3E3BE3A9-3A47-452C-BF39-11AD2EFC4747}.Release|x64.ActiveCfg = Release|x64
		{3E3BE3A9-3A47-452C-BF39-11AD2EFC4747}.Release|x64.Build.0 = Release|x64
		{3E3BE3A9-3A47-452C-BF39-11AD2EFC4747}.Release|x86.ActiveCfg = Release|Win32
		{3E3BE3A9-3A47-452C-BF39-11AD2EFC4747}.Release|x86.Build.0 = Release|Win32
		{5D069123-1FF0-4C8B-80EE-A2652B40C4AF}.Debug|Any CPU.ActiveCfg = Debug|x64
		{5D069123-1FF0-4C8B-80EE-A2652B40C4AF}.Debug|Any CPU.Build.0 = Debug|x64
		{5D069123-1FF0-4C8B-80EE-A2652B40C4AF}.Debug|x64.ActiveCfg = Debug|x64
		{5D069123-1FF0-4C8B-80EE-A2652B40C4AF}.Debug|x64.Build.0 = Debug|x64
		{5D069123-1FF0-4C8B-80EE-A2652B40C4AF}.Debug|x86.ActiveCfg = Debug|Win32
		{5D069123-1FF0-4C8B-80EE-A2652B40C4AF}.Debug|x86.Build.0 = Debug|Win32
		{5D069123-1FF0-4C8B-80EE-A2652B40C4AF}.Release|Any CPU.ActiveCfg = Release|x64
		{5D069123-1FF0-4C8B-80EE-A2652B40C4AF}.Release|Any CPU.Build.0 = Release|x64
		{5D069123-1FF0-4C8B-80EE-A2652B40C4AF}.Release|x64.ActiveCfg = Release|x64
		{5D069123-1FF0-4C8B-80EE-A2652B40C4AF}.Release|x64.Build.0 = Release|x64
		{5D069123-1FF0-4C8B-80EE-A2652B40C4AF}.Release|x86.ActiveCfg = Release|Win32
		{5D069123-1FF0-4C8B-80EE-A2652B40C4AF}.Release|x86.Build.0 = Release|Win32
		{7CB4D5D3-D4C9-49B3-8598-732AFB860F34}.Debug|Any CPU.ActiveCfg = Debug|x64
		{7CB4D5D3-D4C9-49B3-8598-732AFB860F34}.Debug|Any CPU.Build.0 = Debug|x64
		{7CB4D5D3-D4C9-49B3-8598-732AFB860F34}.Debug|x64.ActiveCfg = Debug|x64
		{7CB4D5D3-D4C9-49B3-8598-732AFB860F34}.Debug|x64.Build.0 = Debug|x64
		{7CB4D5D3-D4C9-49B3-8598-732AFB860F34}.Debug|x86.ActiveCfg = Debug|Win32
		{7CB4D5D3-D4C9-49B3-8598-732AFB860F34}.Debug|x86.Build.0 = Debug|Win32
		{7CB4D5D3-D4C9-49B3-8598-732AFB860F34}.Release|Any CPU.ActiveCfg = Release|x64
		{7CB4D5D3-D4C9-49B3-8598-732AFB860F34}.Release|Any CPU.Build.0 = Release|x64
		{7CB4D5D3-D4C9-49B3-8598-732AFB860F34}.Release|x64.ActiveCfg = Release|x64
		{7CB4D5D3-D4C9-49B3-8598-732AFB860F34}.Release|x64.Build.0 = Release|x64
		{7CB4D5D3-D4C9-49B3-8598-732AFB860F34}.Release|x86.ActiveCfg = Release|Win32
		{7CB4D5D3-D4C9-49B3-8598-732AFB860F34}.Release|x86.Build.0 = Release|Win32
		{B016D737-BF20-4CB0-928F-D4FBE6D44C1F}.Debug|Any CPU.ActiveCfg = Debug|x64
		{B016D737-BF20-4CB0-928F-D4FBE6D44C1F}.Debug|Any CPU.Build.0 = Debug|x64
		{B016D737-BF20-4CB0-928F-D4FBE6D44C1F}.Debug|x64.ActiveCfg = Debug|x64
		{B016D737-BF20-4CB0-928F-D4FBE6D44C1F}.Debug|x64.Build.0 = Debug|x64
		{B016D737-BF20-4CB0-928F-D4FBE6D44C1F}.Debug|x86.ActiveCfg = Debug|Win32
		{B016D737-BF20-4CB0-928F-D4FBE6D44C1F}.Debug|x86.Build.0 = Debug|Win32
		{B016D737-BF20-4CB0-928F-D4FBE6D44C1F}.Release|Any CPU.ActiveCfg = Release|x64
		{B016D737-BF20-4CB0-928F-D4FBE6D44C1F}.Release|Any CPU.Build.0 = Release|x64
		{B016D737-BF20-4CB0-928F-D4FBE6D44C1F}.Release|x64.ActiveCfg = Release|x64
		{B016D737-BF20-4CB0-928F-D4FBE6D44C1F}.Release|x64.Build.0 = Release|x64
		{B016D737-BF20-4CB0-928F-D4FBE6D44C1F}.Release|x86.ActiveCfg = Release|Win32
		{B016D737-BF20-4CB0-928F-D4FBE6D44C1F}.Release|x86.Build.0 = Release|Win32
		{E1121012-FC2C-4C3F-A534-9247A5B04E71}.Debug|Any CPU.ActiveCfg = Debug|Any CPU
		{E1121012-FC2C-4C3F-A534-9247A5B04E71}.Debug|Any CPU.Build.0 = Debug|Any CPU
		{E1121012-FC2C-4C3F-A534-9247A5B04E71}.Debug|x64.ActiveCfg = Debug|Any CPU
		{E1121012-FC2C-4C3F-A534-9247A5B04E71}.Debug|x64.Build.0 = Debug|Any CPU
		{E1121012-FC2C-4C3F-A534-9247A5B04E71}.Debug|x86.ActiveCfg = Debug|Any CPU
		{E1121012-FC2C-4C3F-A534-9247A5B04E71}.Debug|x86.Build.0 = Debug|Any CPU
		{E1121012-FC2C-4C3F-A534-9247A5B04E71}.Release|Any CPU.ActiveCfg = Release|Any CPU
		{E1121012-FC2C-4C3F-A534-9247A5B04E71}.Release|Any CPU.Build.0 = Release|Any CPU
		{E1121012-FC2C-4C3F-A534-9247A5B04E71}.Release|x64.ActiveCfg = Release|Any CPU
		{E1121012-FC2C-4C3F-A534-9247A5B04E71}.Release|x64.Build.0 = Release|Any CPU
		{E1121012-FC2C-4C3F-A534-9247A5B04E71}.Release|x86.ActiveCfg = Release|Any CPU
		{E1121012-FC2C-4C3F-A534-9247A5B04E71}.Release|x86.Build.0 = Release|Any CPU
		{623CFB40-69D0-42EF-ADBF-18ABE837B061}.Debug|Any CPU.ActiveCfg = Debug|Any CPU
		{623CFB40-69D0-42EF-ADBF-18ABE837B061}.Debug|Any CPU.Build.0 = Debug|Any CPU
		{623CFB40-69D0-42EF-ADBF-18ABE837B061}.Debug|x64.ActiveCfg = Debug|Any CPU
		{623CFB40-69D0-42EF-ADBF-18ABE837B061}.Debug|x64.Build.0 = Debug|Any CPU
		{623CFB40-69D0-42EF-ADBF-18ABE837B061}.Debug|x86.ActiveCfg = Debug|Any CPU
		{623CFB40-69D0-42EF-ADBF-18ABE837B061}.Debug|x86.Build.0 = Debug|Any CPU
		{623CFB40-69D0-42EF-ADBF-18ABE837B061}.Release|Any CPU.ActiveCfg = Release|Any CPU
		{623CFB40-69D0-42EF-ADBF-18ABE837B061}.Release|Any CPU.Build.0 = Release|Any CPU
		{623CFB40-69D0-42EF-ADBF-18ABE837B061}.Release|x64.ActiveCfg = Release|Any CPU
		{623CFB40-69D0-42EF-ADBF-18ABE837B061}.Release|x64.Build.0 = Release|Any CPU
		{623CFB40-69D0-42EF-ADBF-18ABE837B061}.Release|x86.ActiveCfg = Release|Any CPU
		{623CFB40-69D0-42EF-ADBF-18ABE837B061}.Release|x86.Build.0 = Release|Any CPU
		{B0F578D3-32CC-46FA-ABBB-67F32317AA82}.Debug|Any CPU.ActiveCfg = Debug|Any CPU
		{B0F578D3-32CC-46FA-ABBB-67F32317AA82}.Debug|Any CPU.Build.0 = Debug|Any CPU
		{B0F578D3-32CC-46FA-ABBB-67F32317AA82}.Debug|x64.ActiveCfg = Debug|Any CPU
		{B0F578D3-32CC-46FA-ABBB-67F32317AA82}.Debug|x64.Build.0 = Debug|Any CPU
		{B0F578D3-32CC-46FA-ABBB-67F32317AA82}.Debug|x86.ActiveCfg = Debug|Any CPU
		{B0F578D3-32CC-46FA-ABBB-67F32317AA82}.Debug|x86.Build.0 = Debug|Any CPU
		{B0F578D3-32CC-46FA-ABBB-67F32317AA82}.Release|Any CPU.ActiveCfg = Release|Any CPU
		{B0F578D3-32CC-46FA-ABBB-67F32317AA82}.Release|Any CPU.Build.0 = Release|Any CPU
		{B0F578D3-32CC-46FA-ABBB-67F32317AA82}.Release|x64.ActiveCfg = Release|Any CPU
		{B0F578D3-32CC-46FA-ABBB-67F32317AA82}.Release|x64.Build.0 = Release|Any CPU
		{B0F578D3-32CC-46FA-ABBB-67F32317AA82}.Release|x86.ActiveCfg = Release|Any CPU
		{B0F578D3-32CC-46FA-ABBB-67F32317AA82}.Release|x86.Build.0 = Release|Any CPU
		{A9F9274C-DA70-41F6-94EF-E41E96D9C391}.Debug|Any CPU.ActiveCfg = Debug|Any CPU
		{A9F9274C-DA70-41F6-94EF-E41E96D9C391}.Debug|Any CPU.Build.0 = Debug|Any CPU
		{A9F9274C-DA70-41F6-94EF-E41E96D9C391}.Debug|x64.ActiveCfg = Debug|Any CPU
		{A9F9274C-DA70-41F6-94EF-E41E96D9C391}.Debug|x64.Build.0 = Debug|Any CPU
		{A9F9274C-DA70-41F6-94EF-E41E96D9C391}.Debug|x86.ActiveCfg = Debug|Any CPU
		{A9F9274C-DA70-41F6-94EF-E41E96D9C391}.Debug|x86.Build.0 = Debug|Any CPU
		{A9F9274C-DA70-41F6-94EF-E41E96D9C391}.Release|Any CPU.ActiveCfg = Release|Any CPU
		{A9F9274C-DA70-41F6-94EF-E41E96D9C391}.Release|Any CPU.Build.0 = Release|Any CPU
		{A9F9274C-DA70-41F6-94EF-E41E96D9C391}.Release|x64.ActiveCfg = Release|Any CPU
		{A9F9274C-DA70-41F6-94EF-E41E96D9C391}.Release|x64.Build.0 = Release|Any CPU
		{A9F9274C-DA70-41F6-94EF-E41E96D9C391}.Release|x86.ActiveCfg = Release|Any CPU
		{A9F9274C-DA70-41F6-94EF-E41E96D9C391}.Release|x86.Build.0 = Release|Any CPU
		{AE17E9DB-FFC9-46B9-A51B-CF1F14CAD901}.Debug|Any CPU.ActiveCfg = Debug|Any CPU
		{AE17E9DB-FFC9-46B9-A51B-CF1F14CAD901}.Debug|Any CPU.Build.0 = Debug|Any CPU
		{AE17E9DB-FFC9-46B9-A51B-CF1F14CAD901}.Debug|x64.ActiveCfg = Debug|Any CPU
		{AE17E9DB-FFC9-46B9-A51B-CF1F14CAD901}.Debug|x64.Build.0 = Debug|Any CPU
		{AE17E9DB-FFC9-46B9-A51B-CF1F14CAD901}.Debug|x86.ActiveCfg = Debug|Any CPU
		{AE17E9DB-FFC9-46B9-A51B-CF1F14CAD901}.Debug|x86.Build.0 = Debug|Any CPU
		{AE17E9DB-FFC9-46B9-A51B-CF1F14CAD901}.Release|Any CPU.ActiveCfg = Release|Any CPU
		{AE17E9DB-FFC9-46B9-A51B-CF1F14CAD901}.Release|Any CPU.Build.0 = Release|Any CPU
		{AE17E9DB-FFC9-46B9-A51B-CF1F14CAD901}.Release|x64.ActiveCfg = Release|Any CPU
		{AE17E9DB-FFC9-46B9-A51B-CF1F14CAD901}.Release|x64.Build.0 = Release|Any CPU
		{AE17E9DB-FFC9-46B9-A51B-CF1F14CAD901}.Release|x86.ActiveCfg = Release|Any CPU
		{AE17E9DB-FFC9-46B9-A51B-CF1F14CAD901}.Release|x86.Build.0 = Release|Any CPU
	EndGlobalSection
	GlobalSection(SolutionProperties) = preSolution
		HideSolutionNode = FALSE
	EndGlobalSection
	GlobalSection(NestedProjects) = preSolution
		{2958E053-4146-41DD-94EE-D47F13649B19} = {ECAD6C6A-79BC-432F-A351-273E7FD7CF69}
		{ECAD6C6A-79BC-432F-A351-273E7FD7CF69} = {FC45C692-BF49-49FC-8F8E-3E48D4087EE5}
		{F49F60F7-C622-4AA1-A7F5-5D85906B28D9} = {FC45C692-BF49-49FC-8F8E-3E48D4087EE5}
		{D0AA1FEB-AF93-482C-8F37-F5E4353805E8} = {F49F60F7-C622-4AA1-A7F5-5D85906B28D9}
		{265231D2-F39D-4CB2-93CF-08D33555EF92} = {6E1CA134-1ED6-4714-B4F2-2C3AED531BC8}
		{8D14DBD2-F132-43A8-88AB-C05BD93EF698} = {265231D2-F39D-4CB2-93CF-08D33555EF92}
		{7EDCEBE4-CE0B-4E02-8E26-62D51134D8B8} = {FC45C692-BF49-49FC-8F8E-3E48D4087EE5}
		{84349F5A-C3F3-41D0-BE8F-922C46AC2ACA} = {7EDCEBE4-CE0B-4E02-8E26-62D51134D8B8}
		{7276294E-61B2-4651-AE76-E80A65EB875F} = {FC45C692-BF49-49FC-8F8E-3E48D4087EE5}
		{285FCDA0-31CC-49C2-BEA4-0978068D6EA7} = {7276294E-61B2-4651-AE76-E80A65EB875F}
		{9CEF67A1-7DED-4F8B-8DEF-446C1E4D2B51} = {7276294E-61B2-4651-AE76-E80A65EB875F}
		{C74650E5-B5D6-4432-970A-FD089EAD2403} = {FC45C692-BF49-49FC-8F8E-3E48D4087EE5}
		{59935898-1476-4EB6-AE82-376817832D5A} = {C74650E5-B5D6-4432-970A-FD089EAD2403}
		{FC45C692-BF49-49FC-8F8E-3E48D4087EE5} = {6E1CA134-1ED6-4714-B4F2-2C3AED531BC8}
		{D8B5B201-C22A-4CE6-823F-DAAA8ECADA3E} = {6E1CA134-1ED6-4714-B4F2-2C3AED531BC8}
		{72A4D637-7F53-4AD7-BD7F-345A00088224} = {D8B5B201-C22A-4CE6-823F-DAAA8ECADA3E}
		{3E3BE3A9-3A47-452C-BF39-11AD2EFC4747} = {72A4D637-7F53-4AD7-BD7F-345A00088224}
		{93093951-31E8-4CEB-802F-BE987666C385} = {D8B5B201-C22A-4CE6-823F-DAAA8ECADA3E}
		{5D069123-1FF0-4C8B-80EE-A2652B40C4AF} = {93093951-31E8-4CEB-802F-BE987666C385}
		{7CB4D5D3-D4C9-49B3-8598-732AFB860F34} = {93093951-31E8-4CEB-802F-BE987666C385}
		{8298CDAE-174A-43AF-8C45-C88067C97650} = {D8B5B201-C22A-4CE6-823F-DAAA8ECADA3E}
		{B016D737-BF20-4CB0-928F-D4FBE6D44C1F} = {8298CDAE-174A-43AF-8C45-C88067C97650}
		{5E62A174-E7BA-4EC0-8951-D4FA9FDD8225} = {7A04A083-C9A6-4E9F-B6CC-188A03B82242}
		{E1121012-FC2C-4C3F-A534-9247A5B04E71} = {5E62A174-E7BA-4EC0-8951-D4FA9FDD8225}
		{A1178D5B-0ED4-4E3B-A380-DD0C11212510} = {7A04A083-C9A6-4E9F-B6CC-188A03B82242}
		{623CFB40-69D0-42EF-ADBF-18ABE837B061} = {A1178D5B-0ED4-4E3B-A380-DD0C11212510}
		{B0F578D3-32CC-46FA-ABBB-67F32317AA82} = {A1178D5B-0ED4-4E3B-A380-DD0C11212510}
		{A9F9274C-DA70-41F6-94EF-E41E96D9C391} = {A1178D5B-0ED4-4E3B-A380-DD0C11212510}
		{AE17E9DB-FFC9-46B9-A51B-CF1F14CAD901} = {A1178D5B-0ED4-4E3B-A380-DD0C11212510}
	EndGlobalSection
	GlobalSection(ExtensibilityGlobals) = postSolution
		SolutionGuid = {049CE54E-E25A-4E2F-91E6-848838ECF4A9}
	EndGlobalSection
EndGlobal
